// !$*UTF8*$!
{
	archiveVersion = 1;
	classes = {
	};
	objectVersion = 48;
	objects = {

/* Begin PBXBuildFile section */
		03A23D56002A34C262E2F1EF /* WatchKaraoke.swift in Sources */ = {isa = PBXBuildFile; fileRef = 185C6E878D8E8340EF596D5B /* WatchKaraoke.swift */; };
		05FF0594F8EB556FD1B63E77 /* MainViewController.swift in Sources */ = {isa = PBXBuildFile; fileRef = B2A380C7719E1A050488C62B /* MainViewController.swift */; };
		0A1BD52A38B08C225EEC589F /* Stereo.usda in Resources */ = {isa = PBXBuildFile; fileRef = E39F93AC09029512B91BE647 /* Stereo.usda */; };
		1DA20AFDDE5D377CFC6562EB /* DepthAnythingV2SmallF16.mlpackage in Sources */ = {isa = PBXBuildFile; fileRef = 40456775542510E4F6C3DFD4 /* DepthAnythingV2SmallF16.mlpackage */; };
		21386B71231DC2DDB43AA65A /* VideoFormat.swift in Sources */ = {isa = PBXBuildFile; fileRef = BB25F0F3ECF37A58D8BEEE03 /* VideoFormat.swift */; };
		26E3E9023D7C3FE44FBA62EC /* KadokiVideoPlayer.swift in Sources */ = {isa = PBXBuildFile; fileRef = 624F6C94595E034FC5DCBD6E /* KadokiVideoPlayer.swift */; };
		2C531BE4057E98EED353C5B4 /* DepthAnythingV3_base_504.mlpackage in Sources */ = {isa = PBXBuildFile; fileRef = C4D103B49D0D447C72EB2637 /* DepthAnythingV3_base_504.mlpackage */; };
		2D4D5772C9FC21E5D19B4CB9 /* PdfExportPlugin.swift in Sources */ = {isa = PBXBuildFile; fileRef = 8ED7087512EE4319DE456390 /* PdfExportPlugin.swift */; };
		2FAD9763203C412B000D30F8 /* config.xml in Resources */ = {isa = PBXBuildFile; fileRef = 2FAD9762203C412B000D30F8 /* config.xml */; };
		35AE8C7605511205A5E3FD31 /* AnkiMediaServer.swift in Sources */ = {isa = PBXBuildFile; fileRef = E732BA54E00EA38613613122 /* AnkiMediaServer.swift */; };
		4C9AD83D4089A97D99D8D834 /* Stereo.metal in Sources */ = {isa = PBXBuildFile; fileRef = C118C4C675EAC796129D2013 /* Stereo.metal */; };
		4E513EFC2DD345C5C01FBB48 /* LiveSessionModel.swift in Sources */ = {isa = PBXBuildFile; fileRef = D346E402C777D43386BE6D4E /* LiveSessionModel.swift */; };
		50379B232058CBB4000EE86E /* capacitor.config.json in Resources */ = {isa = PBXBuildFile; fileRef = 50379B222058CBB4000EE86E /* capacitor.config.json */; };
		504EC3081FED79650016851F /* AppDelegate.swift in Sources */ = {isa = PBXBuildFile; fileRef = 504EC3071FED79650016851F /* AppDelegate.swift */; };
		504EC30D1FED79650016851F /* Main.storyboard in Resources */ = {isa = PBXBuildFile; fileRef = 504EC30B1FED79650016851F /* Main.storyboard */; };
		504EC30F1FED79650016851F /* Assets.xcassets in Resources */ = {isa = PBXBuildFile; fileRef = 504EC30E1FED79650016851F /* Assets.xcassets */; };
		504EC3121FED79650016851F /* LaunchScreen.storyboard in Resources */ = {isa = PBXBuildFile; fileRef = 504EC3101FED79650016851F /* LaunchScreen.storyboard */; };
		50B271D11FEDC1A000F3C39B /* public in Resources */ = {isa = PBXBuildFile; fileRef = 50B271D01FEDC1A000F3C39B /* public */; };
		5959FA6E5FB2AC407987D2D1 /* ArchiveExtractorPlugin.swift in Sources */ = {isa = PBXBuildFile; fileRef = 2DF5C3F132ED80A31C3CE8D0 /* ArchiveExtractorPlugin.swift */; };
		5CB75FAF0840E754F6E0EBEB /* LiveView.swift in Sources */ = {isa = PBXBuildFile; fileRef = 9B2FCAF3399E64682C1BBD19 /* LiveView.swift */; };
		5E9D13301ACBB1805E711F6E /* StereoRenderer.swift in Sources */ = {isa = PBXBuildFile; fileRef = 190BF058F2B37BB4482A8FEC /* StereoRenderer.swift */; };
		5FE71FFECDFFD7431C3CC2FA /* demo-video.mp4 in Resources */ = {isa = PBXBuildFile; fileRef = CE6A2FA73646C6BDA732F40E /* demo-video.mp4 */; };
		763A6A097EB909AC131545C6 /* AudioSlicerPlugin.swift in Sources */ = {isa = PBXBuildFile; fileRef = 88523D923E294360EF0124E2 /* AudioSlicerPlugin.swift */; };
		77A1B2C3D4E5F60718293A4B /* AutoTranscribePlugin.swift in Sources */ = {isa = PBXBuildFile; fileRef = 88B2C3D4E5F60718293A4B5C /* AutoTranscribePlugin.swift */; };
		89FA94E6170CADEA9D06609A /* KadokiLockWidget.swift in Sources */ = {isa = PBXBuildFile; fileRef = B10CF8B633B1A1CE39687EF4 /* KadokiLockWidget.swift */; };
		A084ECDBA7D38E1E42DFC39D /* Pods_App.framework in Frameworks */ = {isa = PBXBuildFile; fileRef = AF277DCFFFF123FFC6DF26C7 /* Pods_App.framework */; };
		A0CC3AF059D6FA7B7337F11F /* DepthEstimator.swift in Sources */ = {isa = PBXBuildFile; fileRef = 698541F6F81A7831A8ADCFFE /* DepthEstimator.swift */; };
		A11CE0FF2B0000000016851F /* PrivacyInfo.xcprivacy in Resources */ = {isa = PBXBuildFile; fileRef = A11CE0FE2B0000000016851F /* PrivacyInfo.xcprivacy */; };
		A1B2C3D400000000000000B2 /* WatchBridgePlugin.swift in Sources */ = {isa = PBXBuildFile; fileRef = A1B2C3D400000000000000B1 /* WatchBridgePlugin.swift */; };
		A1B2C3D400000000000000D2 /* Kadoki Watch App.app in Embed Watch Content */ = {isa = PBXBuildFile; fileRef = A1B2C3D400000000000000D1 /* Kadoki Watch App.app */; platformFilters = (ios, ); settings = {ATTRIBUTES = (RemoveHeadersOnCopy, ); }; };
		A1B2C3D400000000000000E1 /* KadokiWatchApp.swift in Sources */ = {isa = PBXBuildFile; fileRef = A1B2C3D400000000000000F1 /* KadokiWatchApp.swift */; };
		A1B2C3D400000000000000E2 /* WatchConnectivityManager.swift in Sources */ = {isa = PBXBuildFile; fileRef = A1B2C3D400000000000000F2 /* WatchConnectivityManager.swift */; };
		A1B2C3D400000000000000E3 /* WatchTitleStore.swift in Sources */ = {isa = PBXBuildFile; fileRef = A1B2C3D400000000000000F3 /* WatchTitleStore.swift */; };
		A1B2C3D400000000000000E4 /* WatchPlayer.swift in Sources */ = {isa = PBXBuildFile; fileRef = A1B2C3D400000000000000F4 /* WatchPlayer.swift */; };
		A1B2C3D400000000000000E5 /* ContentView.swift in Sources */ = {isa = PBXBuildFile; fileRef = A1B2C3D400000000000000F5 /* ContentView.swift */; };
		A1B2C3D400000000000000E6 /* PlayerView.swift in Sources */ = {isa = PBXBuildFile; fileRef = A1B2C3D400000000000000F6 /* PlayerView.swift */; };
		A1B2C3D400000000000000E7 /* Assets.xcassets in Resources */ = {isa = PBXBuildFile; fileRef = A1B2C3D400000000000000F7 /* Assets.xcassets */; };
		A65AD9BF618F74F21C3551FA /* SpatialImagePlugin.swift in Sources */ = {isa = PBXBuildFile; fileRef = 9C96FCF6301A0596AB30AADD /* SpatialImagePlugin.swift */; };
		A6DE0AFD65364537B35B6119 /* Foundation.framework in Frameworks */ = {isa = PBXBuildFile; fileRef = 6FFD589652B7837FFFF78DED /* Foundation.framework */; };
		A8BFD7E4B17BF44E40C7FC5D /* BackgroundAudioPlugin.swift in Sources */ = {isa = PBXBuildFile; fileRef = EDF81DEBB26FC4E950BBB038 /* BackgroundAudioPlugin.swift */; };
		B0C132DDF0A24EB0A25A7271 /* demo-video.srt in Resources */ = {isa = PBXBuildFile; fileRef = 2FDDB295D144E056F5A721F4 /* demo-video.srt */; };
		B2C3D4E500000000000000D2 /* KadokiWatchWidgets.appex in Embed Foundation Extensions */ = {isa = PBXBuildFile; fileRef = B2C3D4E500000000000000D1 /* KadokiWatchWidgets.appex */; settings = {ATTRIBUTES = (RemoveHeadersOnCopy, ); }; };
		B2C3D4E500000000000000E1 /* KadokiWidgets.swift in Sources */ = {isa = PBXBuildFile; fileRef = B2C3D4E500000000000000F1 /* KadokiWidgets.swift */; };
		C5C183F988E421195EE65059 /* AnkiBridgePlugin.swift in Sources */ = {isa = PBXBuildFile; fileRef = 7CB4FD7F4818EDCE6C621E95 /* AnkiBridgePlugin.swift */; };
		D94ADCA0457E5EB7EF492C99 /* CurvedPanel.swift in Sources */ = {isa = PBXBuildFile; fileRef = C470146FE78048DE547C398C /* CurvedPanel.swift */; };
		DEAABD03271BEBD43653443C /* KadokiVideoLayer.swift in Sources */ = {isa = PBXBuildFile; fileRef = 2220E4940FD194E82B8CF771 /* KadokiVideoLayer.swift */; };
		DF1B17BAC81C72DEB33B7E91 /* KadokiLockWidget.appex in Embed Foundation Extensions */ = {isa = PBXBuildFile; fileRef = 8B53DC4D321F63A6542D3016 /* KadokiLockWidget.appex */; platformFilters = (ios, ); };
		EF8A04896EEFB1F1528F779D /* FileAccessPlugin.swift in Sources */ = {isa = PBXBuildFile; fileRef = BF681F6A191F38499937E7F6 /* FileAccessPlugin.swift */; };
/* End PBXBuildFile section */

/* Begin PBXContainerItemProxy section */
		A1B2C3D400000000000000A8 /* PBXContainerItemProxy */ = {
			isa = PBXContainerItemProxy;
			containerPortal = 504EC2FC1FED79650016851F /* Project object */;
			proxyType = 1;
			remoteGlobalIDString = A1B2C3D400000000000000A1;
			remoteInfo = "Kadoki Watch App";
		};
		B2C3D4E500000000000000A8 /* PBXContainerItemProxy */ = {
			isa = PBXContainerItemProxy;
			containerPortal = 504EC2FC1FED79650016851F /* Project object */;
			proxyType = 1;
			remoteGlobalIDString = B2C3D4E500000000000000A1;
			remoteInfo = KadokiWatchWidgets;
		};
		EDF49FECF0DFC841456E5E9B /* PBXContainerItemProxy */ = {
			isa = PBXContainerItemProxy;
			containerPortal = 504EC2FC1FED79650016851F /* Project object */;
			proxyType = 1;
			remoteGlobalIDString = ACF026BDF38F9A124FAC70AB;
			remoteInfo = KadokiLockWidget;
		};
/* End PBXContainerItemProxy section */

/* Begin PBXCopyFilesBuildPhase section */
		657E27BDEC403FBF5E871EAF /* Embed Foundation Extensions */ = {
			isa = PBXCopyFilesBuildPhase;
			buildActionMask = 2147483647;
			dstPath = "";
			dstSubfolderSpec = 13;
			files = (
				DF1B17BAC81C72DEB33B7E91 /* KadokiLockWidget.appex in Embed Foundation Extensions */,
			);
			name = "Embed Foundation Extensions";
			runOnlyForDeploymentPostprocessing = 0;
		};
		A1B2C3D4000000000000000A /* Embed Watch Content */ = {
			isa = PBXCopyFilesBuildPhase;
			buildActionMask = 2147483647;
			dstPath = "$(CONTENTS_FOLDER_PATH)/Watch";
			dstSubfolderSpec = 16;
			files = (
				A1B2C3D400000000000000D2 /* Kadoki Watch App.app in Embed Watch Content */,
			);
			name = "Embed Watch Content";
			runOnlyForDeploymentPostprocessing = 0;
		};
		B2C3D4E500000000000000AA /* Embed Foundation Extensions */ = {
			isa = PBXCopyFilesBuildPhase;
			buildActionMask = 2147483647;
			dstPath = "";
			dstSubfolderSpec = 13;
			files = (
				B2C3D4E500000000000000D2 /* KadokiWatchWidgets.appex in Embed Foundation Extensions */,
			);
			name = "Embed Foundation Extensions";
			runOnlyForDeploymentPostprocessing = 0;
		};
/* End PBXCopyFilesBuildPhase section */

/* Begin PBXFileReference section */
		117998D12F0CF62C2821B4A5 /* libkadokiremux-xros.a */ = {isa = PBXFileReference; includeInIndex = 1; lastKnownFileType = archive.ar; path = "libkadokiremux-xros.a"; sourceTree = "<group>"; };
		185C6E878D8E8340EF596D5B /* WatchKaraoke.swift */ = {isa = PBXFileReference; includeInIndex = 1; lastKnownFileType = sourcecode.swift; path = WatchKaraoke.swift; sourceTree = "<group>"; };
		190BF058F2B37BB4482A8FEC /* StereoRenderer.swift */ = {isa = PBXFileReference; includeInIndex = 1; lastKnownFileType = sourcecode.swift; path = StereoRenderer.swift; sourceTree = "<group>"; };
		2220E4940FD194E82B8CF771 /* KadokiVideoLayer.swift */ = {isa = PBXFileReference; includeInIndex = 1; lastKnownFileType = sourcecode.swift; path = KadokiVideoLayer.swift; sourceTree = "<group>"; };
		2DF5C3F132ED80A31C3CE8D0 /* ArchiveExtractorPlugin.swift */ = {isa = PBXFileReference; includeInIndex = 1; lastKnownFileType = sourcecode.swift; path = ArchiveExtractorPlugin.swift; sourceTree = "<group>"; };
		2FAD9762203C412B000D30F8 /* config.xml */ = {isa = PBXFileReference; lastKnownFileType = text.xml; path = config.xml; sourceTree = "<group>"; };
		2FDDB295D144E056F5A721F4 /* demo-video.srt */ = {isa = PBXFileReference; includeInIndex = 1; path = "demo-video.srt"; sourceTree = "<group>"; };
		40456775542510E4F6C3DFD4 /* DepthAnythingV2SmallF16.mlpackage */ = {isa = PBXFileReference; includeInIndex = 1; path = DepthAnythingV2SmallF16.mlpackage; sourceTree = "<group>"; };
		50379B222058CBB4000EE86E /* capacitor.config.json */ = {isa = PBXFileReference; fileEncoding = 4; lastKnownFileType = text.json; path = capacitor.config.json; sourceTree = "<group>"; };
		504EC3041FED79650016851F /* App.app */ = {isa = PBXFileReference; explicitFileType = wrapper.application; includeInIndex = 0; path = App.app; sourceTree = BUILT_PRODUCTS_DIR; };
		504EC3071FED79650016851F /* AppDelegate.swift */ = {isa = PBXFileReference; lastKnownFileType = sourcecode.swift; path = AppDelegate.swift; sourceTree = "<group>"; };
		504EC30C1FED79650016851F /* Base */ = {isa = PBXFileReference; lastKnownFileType = file.storyboard; name = Base; path = Base.lproj/Main.storyboard; sourceTree = "<group>"; };
		504EC30E1FED79650016851F /* Assets.xcassets */ = {isa = PBXFileReference; lastKnownFileType = folder.assetcatalog; path = Assets.xcassets; sourceTree = "<group>"; };
		504EC3111FED79650016851F /* Base */ = {isa = PBXFileReference; lastKnownFileType = file.storyboard; name = Base; path = Base.lproj/LaunchScreen.storyboard; sourceTree = "<group>"; };
		504EC3131FED79650016851F /* Info.plist */ = {isa = PBXFileReference; lastKnownFileType = text.plist.xml; path = Info.plist; sourceTree = "<group>"; };
		50B271D01FEDC1A000F3C39B /* public */ = {isa = PBXFileReference; lastKnownFileType = folder; path = public; sourceTree = "<group>"; };
		624F6C94595E034FC5DCBD6E /* KadokiVideoPlayer.swift */ = {isa = PBXFileReference; includeInIndex = 1; lastKnownFileType = sourcecode.swift; path = KadokiVideoPlayer.swift; sourceTree = "<group>"; };
		698541F6F81A7831A8ADCFFE /* DepthEstimator.swift */ = {isa = PBXFileReference; includeInIndex = 1; lastKnownFileType = sourcecode.swift; path = DepthEstimator.swift; sourceTree = "<group>"; };
		6FFD589652B7837FFFF78DED /* Foundation.framework */ = {isa = PBXFileReference; lastKnownFileType = wrapper.framework; name = Foundation.framework; path = Platforms/iPhoneOS.platform/Developer/SDKs/iPhoneOS18.0.sdk/System/Library/Frameworks/Foundation.framework; sourceTree = DEVELOPER_DIR; };
		720868DC3F5517482F3DE61C /* Info.plist */ = {isa = PBXFileReference; includeInIndex = 1; lastKnownFileType = text.plist.xml; path = Info.plist; sourceTree = "<group>"; };
		7CB4FD7F4818EDCE6C621E95 /* AnkiBridgePlugin.swift */ = {isa = PBXFileReference; includeInIndex = 1; lastKnownFileType = sourcecode.swift; path = AnkiBridgePlugin.swift; sourceTree = "<group>"; };
		88523D923E294360EF0124E2 /* AudioSlicerPlugin.swift */ = {isa = PBXFileReference; includeInIndex = 1; lastKnownFileType = sourcecode.swift; path = AudioSlicerPlugin.swift; sourceTree = "<group>"; };
		88B2C3D4E5F60718293A4B5C /* AutoTranscribePlugin.swift */ = {isa = PBXFileReference; includeInIndex = 1; lastKnownFileType = sourcecode.swift; path = AutoTranscribePlugin.swift; sourceTree = "<group>"; };
		8B53DC4D321F63A6542D3016 /* KadokiLockWidget.appex */ = {isa = PBXFileReference; explicitFileType = "wrapper.app-extension"; includeInIndex = 0; path = KadokiLockWidget.appex; sourceTree = BUILT_PRODUCTS_DIR; };
		8ED7087512EE4319DE456390 /* PdfExportPlugin.swift */ = {isa = PBXFileReference; includeInIndex = 1; lastKnownFileType = sourcecode.swift; path = PdfExportPlugin.swift; sourceTree = "<group>"; };
		936ABC0B66FB81ECA48CB6FF /* App-Bridging-Header.h */ = {isa = PBXFileReference; includeInIndex = 1; lastKnownFileType = sourcecode.c.h; path = "App-Bridging-Header.h"; sourceTree = "<group>"; };
		9B2FCAF3399E64682C1BBD19 /* LiveView.swift */ = {isa = PBXFileReference; includeInIndex = 1; lastKnownFileType = sourcecode.swift; path = LiveView.swift; sourceTree = "<group>"; };
		9C96FCF6301A0596AB30AADD /* SpatialImagePlugin.swift */ = {isa = PBXFileReference; includeInIndex = 1; lastKnownFileType = sourcecode.swift; path = SpatialImagePlugin.swift; sourceTree = "<group>"; };
		A11CE0FE2B0000000016851F /* PrivacyInfo.xcprivacy */ = {isa = PBXFileReference; lastKnownFileType = text.plist.xml; path = PrivacyInfo.xcprivacy; sourceTree = "<group>"; };
		A1B2C3D400000000000000B1 /* WatchBridgePlugin.swift */ = {isa = PBXFileReference; includeInIndex = 1; lastKnownFileType = sourcecode.swift; path = WatchBridgePlugin.swift; sourceTree = "<group>"; };
		A1B2C3D400000000000000D1 /* Kadoki Watch App.app */ = {isa = PBXFileReference; explicitFileType = wrapper.application; includeInIndex = 0; path = "Kadoki Watch App.app"; sourceTree = BUILT_PRODUCTS_DIR; };
		A1B2C3D400000000000000F1 /* KadokiWatchApp.swift */ = {isa = PBXFileReference; includeInIndex = 1; lastKnownFileType = sourcecode.swift; path = KadokiWatchApp.swift; sourceTree = "<group>"; };
		A1B2C3D400000000000000F2 /* WatchConnectivityManager.swift */ = {isa = PBXFileReference; includeInIndex = 1; lastKnownFileType = sourcecode.swift; path = WatchConnectivityManager.swift; sourceTree = "<group>"; };
		A1B2C3D400000000000000F3 /* WatchTitleStore.swift */ = {isa = PBXFileReference; includeInIndex = 1; lastKnownFileType = sourcecode.swift; path = WatchTitleStore.swift; sourceTree = "<group>"; };
		A1B2C3D400000000000000F4 /* WatchPlayer.swift */ = {isa = PBXFileReference; includeInIndex = 1; lastKnownFileType = sourcecode.swift; path = WatchPlayer.swift; sourceTree = "<group>"; };
		A1B2C3D400000000000000F5 /* ContentView.swift */ = {isa = PBXFileReference; includeInIndex = 1; lastKnownFileType = sourcecode.swift; path = ContentView.swift; sourceTree = "<group>"; };
		A1B2C3D400000000000000F6 /* PlayerView.swift */ = {isa = PBXFileReference; includeInIndex = 1; lastKnownFileType = sourcecode.swift; path = PlayerView.swift; sourceTree = "<group>"; };
		A1B2C3D400000000000000F7 /* Assets.xcassets */ = {isa = PBXFileReference; lastKnownFileType = folder.assetcatalog; path = Assets.xcassets; sourceTree = "<group>"; };
		AF277DCFFFF123FFC6DF26C7 /* Pods_App.framework */ = {isa = PBXFileReference; explicitFileType = wrapper.framework; includeInIndex = 0; path = Pods_App.framework; sourceTree = BUILT_PRODUCTS_DIR; };
		AF51FD2D460BCFE21FA515B2 /* Pods-App.release.xcconfig */ = {isa = PBXFileReference; includeInIndex = 1; lastKnownFileType = text.xcconfig; name = "Pods-App.release.xcconfig"; path = "Pods/Target Support Files/Pods-App/Pods-App.release.xcconfig"; sourceTree = "<group>"; };
		B10CF8B633B1A1CE39687EF4 /* KadokiLockWidget.swift */ = {isa = PBXFileReference; includeInIndex = 1; lastKnownFileType = sourcecode.swift; path = KadokiLockWidget.swift; sourceTree = "<group>"; };
		B1983E97FAED0A6E3891D418 /* kadoki_remux.h */ = {isa = PBXFileReference; includeInIndex = 1; lastKnownFileType = sourcecode.c.h; path = kadoki_remux.h; sourceTree = "<group>"; };
		B2A380C7719E1A050488C62B /* MainViewController.swift */ = {isa = PBXFileReference; includeInIndex = 1; lastKnownFileType = sourcecode.swift; path = MainViewController.swift; sourceTree = "<group>"; };
		B2C3D4E500000000000000D1 /* KadokiWatchWidgets.appex */ = {isa = PBXFileReference; explicitFileType = "wrapper.app-extension"; includeInIndex = 0; path = KadokiWatchWidgets.appex; sourceTree = BUILT_PRODUCTS_DIR; };
		B2C3D4E500000000000000F1 /* KadokiWidgets.swift */ = {isa = PBXFileReference; includeInIndex = 1; lastKnownFileType = sourcecode.swift; path = KadokiWidgets.swift; sourceTree = "<group>"; };
		B2C3D4E500000000000000F2 /* Info.plist */ = {isa = PBXFileReference; includeInIndex = 1; lastKnownFileType = text.plist.xml; path = Info.plist; sourceTree = "<group>"; };
		B2C3D4E500000000000000F3 /* KadokiWatch.entitlements */ = {isa = PBXFileReference; includeInIndex = 1; lastKnownFileType = text.plist.entitlements; path = KadokiWatch.entitlements; sourceTree = "<group>"; };
		B2C3D4E500000000000000F4 /* KadokiWatchWidgets.entitlements */ = {isa = PBXFileReference; includeInIndex = 1; lastKnownFileType = text.plist.entitlements; path = KadokiWatchWidgets.entitlements; sourceTree = "<group>"; };
		BB25F0F3ECF37A58D8BEEE03 /* VideoFormat.swift */ = {isa = PBXFileReference; includeInIndex = 1; lastKnownFileType = sourcecode.swift; path = VideoFormat.swift; sourceTree = "<group>"; };
		BF681F6A191F38499937E7F6 /* FileAccessPlugin.swift */ = {isa = PBXFileReference; includeInIndex = 1; lastKnownFileType = sourcecode.swift; path = FileAccessPlugin.swift; sourceTree = "<group>"; };
		C118C4C675EAC796129D2013 /* Stereo.metal */ = {isa = PBXFileReference; includeInIndex = 1; path = Stereo.metal; sourceTree = "<group>"; };
		C470146FE78048DE547C398C /* CurvedPanel.swift */ = {isa = PBXFileReference; includeInIndex = 1; lastKnownFileType = sourcecode.swift; path = CurvedPanel.swift; sourceTree = "<group>"; };
		C4D103B49D0D447C72EB2637 /* DepthAnythingV3_base_504.mlpackage */ = {isa = PBXFileReference; includeInIndex = 1; path = DepthAnythingV3_base_504.mlpackage; sourceTree = "<group>"; };
		CE6A2FA73646C6BDA732F40E /* demo-video.mp4 */ = {isa = PBXFileReference; includeInIndex = 1; path = "demo-video.mp4"; sourceTree = "<group>"; };
		D346E402C777D43386BE6D4E /* LiveSessionModel.swift */ = {isa = PBXFileReference; includeInIndex = 1; lastKnownFileType = sourcecode.swift; path = LiveSessionModel.swift; sourceTree = "<group>"; };
		E39F93AC09029512B91BE647 /* Stereo.usda */ = {isa = PBXFileReference; includeInIndex = 1; path = Stereo.usda; sourceTree = "<group>"; };
		E732BA54E00EA38613613122 /* AnkiMediaServer.swift */ = {isa = PBXFileReference; includeInIndex = 1; lastKnownFileType = sourcecode.swift; path = AnkiMediaServer.swift; sourceTree = "<group>"; };
		EDF81DEBB26FC4E950BBB038 /* BackgroundAudioPlugin.swift */ = {isa = PBXFileReference; includeInIndex = 1; lastKnownFileType = sourcecode.swift; path = BackgroundAudioPlugin.swift; sourceTree = "<group>"; };
		FC68EB0AF532CFC21C3344DD /* Pods-App.debug.xcconfig */ = {isa = PBXFileReference; includeInIndex = 1; lastKnownFileType = text.xcconfig; name = "Pods-App.debug.xcconfig"; path = "Pods/Target Support Files/Pods-App/Pods-App.debug.xcconfig"; sourceTree = "<group>"; };
/* End PBXFileReference section */

/* Begin PBXFrameworksBuildPhase section */
		0C8898A4EB9DDE54FD8954C2 /* Frameworks */ = {
			isa = PBXFrameworksBuildPhase;
			buildActionMask = 2147483647;
			files = (
				A6DE0AFD65364537B35B6119 /* Foundation.framework in Frameworks */,
			);
			runOnlyForDeploymentPostprocessing = 0;
		};
		504EC3011FED79650016851F /* Frameworks */ = {
			isa = PBXFrameworksBuildPhase;
			buildActionMask = 2147483647;
			files = (
				A084ECDBA7D38E1E42DFC39D /* Pods_App.framework in Frameworks */,
			);
			runOnlyForDeploymentPostprocessing = 0;
		};
		A1B2C3D400000000000000A6 /* Frameworks */ = {
			isa = PBXFrameworksBuildPhase;
			buildActionMask = 2147483647;
			files = (
			);
			runOnlyForDeploymentPostprocessing = 0;
		};
		B2C3D4E500000000000000A6 /* Frameworks */ = {
			isa = PBXFrameworksBuildPhase;
			buildActionMask = 2147483647;
			files = (
			);
			runOnlyForDeploymentPostprocessing = 0;
		};
/* End PBXFrameworksBuildPhase section */

/* Begin PBXGroup section */
		27E2DDA53C4D2A4D1A88CE4A /* Frameworks */ = {
			isa = PBXGroup;
			children = (
				AF277DCFFFF123FFC6DF26C7 /* Pods_App.framework */,
				5D65E057AFC40831D3F25811 /* iOS */,
			);
			name = Frameworks;
			sourceTree = "<group>";
		};
		504EC2FB1FED79650016851F = {
			isa = PBXGroup;
			children = (
				504EC3061FED79650016851F /* App */,
				A1B2C3D400000000000000C1 /* KadokiWatch */,
				B2C3D4E500000000000000C1 /* KadokiWatchWidgets */,
				504EC3051FED79650016851F /* Products */,
				7F8756D8B27F46E3366F6CEA /* Pods */,
				27E2DDA53C4D2A4D1A88CE4A /* Frameworks */,
				5E4DC56B803BAB9C45C339EB /* KadokiLockWidget */,
			);
			sourceTree = "<group>";
		};
		504EC3051FED79650016851F /* Products */ = {
			isa = PBXGroup;
			children = (
				504EC3041FED79650016851F /* App.app */,
				A1B2C3D400000000000000D1 /* Kadoki Watch App.app */,
				B2C3D4E500000000000000D1 /* KadokiWatchWidgets.appex */,
				8B53DC4D321F63A6542D3016 /* KadokiLockWidget.appex */,
			);
			name = Products;
			sourceTree = "<group>";
		};
		504EC3061FED79650016851F /* App */ = {
			isa = PBXGroup;
			children = (
				50379B222058CBB4000EE86E /* capacitor.config.json */,
				504EC3071FED79650016851F /* AppDelegate.swift */,
				504EC30B1FED79650016851F /* Main.storyboard */,
				504EC30E1FED79650016851F /* Assets.xcassets */,
				504EC3101FED79650016851F /* LaunchScreen.storyboard */,
				504EC3131FED79650016851F /* Info.plist */,
				A11CE0FE2B0000000016851F /* PrivacyInfo.xcprivacy */,
				2FAD9762203C412B000D30F8 /* config.xml */,
				50B271D01FEDC1A000F3C39B /* public */,
				EDF81DEBB26FC4E950BBB038 /* BackgroundAudioPlugin.swift */,
				88523D923E294360EF0124E2 /* AudioSlicerPlugin.swift */,
				88B2C3D4E5F60718293A4B5C /* AutoTranscribePlugin.swift */,
				7CB4FD7F4818EDCE6C621E95 /* AnkiBridgePlugin.swift */,
				BF681F6A191F38499937E7F6 /* FileAccessPlugin.swift */,
				B2A380C7719E1A050488C62B /* MainViewController.swift */,
				E732BA54E00EA38613613122 /* AnkiMediaServer.swift */,
				2DF5C3F132ED80A31C3CE8D0 /* ArchiveExtractorPlugin.swift */,
				8ED7087512EE4319DE456390 /* PdfExportPlugin.swift */,
				A1B2C3D400000000000000B1 /* WatchBridgePlugin.swift */,
				9C96FCF6301A0596AB30AADD /* SpatialImagePlugin.swift */,
				624F6C94595E034FC5DCBD6E /* KadokiVideoPlayer.swift */,
				2220E4940FD194E82B8CF771 /* KadokiVideoLayer.swift */,
				D615CECDF32AAFD3BE9E61F8 /* Stereo */,
				BCB60EF0CFFA3F7A9A785C7E /* Remux */,
				936ABC0B66FB81ECA48CB6FF /* App-Bridging-Header.h */,
				CE6A2FA73646C6BDA732F40E /* demo-video.mp4 */,
				2FDDB295D144E056F5A721F4 /* demo-video.srt */,
			);
			path = App;
			sourceTree = "<group>";
		};
		5D65E057AFC40831D3F25811 /* iOS */ = {
			isa = PBXGroup;
			children = (
				6FFD589652B7837FFFF78DED /* Foundation.framework */,
			);
			name = iOS;
			sourceTree = "<group>";
		};
		5E4DC56B803BAB9C45C339EB /* KadokiLockWidget */ = {
			isa = PBXGroup;
			children = (
				B10CF8B633B1A1CE39687EF4 /* KadokiLockWidget.swift */,
				720868DC3F5517482F3DE61C /* Info.plist */,
			);
			name = KadokiLockWidget;
			path = KadokiLockWidget;
			sourceTree = "<group>";
		};
		7F8756D8B27F46E3366F6CEA /* Pods */ = {
			isa = PBXGroup;
			children = (
				FC68EB0AF532CFC21C3344DD /* Pods-App.debug.xcconfig */,
				AF51FD2D460BCFE21FA515B2 /* Pods-App.release.xcconfig */,
			);
			name = Pods;
			sourceTree = "<group>";
		};
		A1B2C3D400000000000000C1 /* KadokiWatch */ = {
			isa = PBXGroup;
			children = (
				A1B2C3D400000000000000F1 /* KadokiWatchApp.swift */,
				A1B2C3D400000000000000F2 /* WatchConnectivityManager.swift */,
				A1B2C3D400000000000000F3 /* WatchTitleStore.swift */,
				A1B2C3D400000000000000F4 /* WatchPlayer.swift */,
				A1B2C3D400000000000000F5 /* ContentView.swift */,
				A1B2C3D400000000000000F6 /* PlayerView.swift */,
				A1B2C3D400000000000000F7 /* Assets.xcassets */,
				B2C3D4E500000000000000F3 /* KadokiWatch.entitlements */,
				185C6E878D8E8340EF596D5B /* WatchKaraoke.swift */,
				D346E402C777D43386BE6D4E /* LiveSessionModel.swift */,
				9B2FCAF3399E64682C1BBD19 /* LiveView.swift */,
			);
			path = KadokiWatch;
			sourceTree = "<group>";
		};
		B2C3D4E500000000000000C1 /* KadokiWatchWidgets */ = {
			isa = PBXGroup;
			children = (
				B2C3D4E500000000000000F1 /* KadokiWidgets.swift */,
				B2C3D4E500000000000000F2 /* Info.plist */,
				B2C3D4E500000000000000F4 /* KadokiWatchWidgets.entitlements */,
			);
			path = KadokiWatchWidgets;
			sourceTree = "<group>";
		};
		BCB60EF0CFFA3F7A9A785C7E /* Remux */ = {
			isa = PBXGroup;
			children = (
				B1983E97FAED0A6E3891D418 /* kadoki_remux.h */,
				117998D12F0CF62C2821B4A5 /* libkadokiremux-xros.a */,
			);
			name = Remux;
			path = Remux;
			sourceTree = "<group>";
		};
		D615CECDF32AAFD3BE9E61F8 /* Stereo */ = {
			isa = PBXGroup;
			children = (
				190BF058F2B37BB4482A8FEC /* StereoRenderer.swift */,
				698541F6F81A7831A8ADCFFE /* DepthEstimator.swift */,
				BB25F0F3ECF37A58D8BEEE03 /* VideoFormat.swift */,
				C118C4C675EAC796129D2013 /* Stereo.metal */,
				40456775542510E4F6C3DFD4 /* DepthAnythingV2SmallF16.mlpackage */,
				E39F93AC09029512B91BE647 /* Stereo.usda */,
				C470146FE78048DE547C398C /* CurvedPanel.swift */,
				C4D103B49D0D447C72EB2637 /* DepthAnythingV3_base_504.mlpackage */,
			);
			name = Stereo;
			path = Stereo;
			sourceTree = "<group>";
		};
/* End PBXGroup section */

/* Begin PBXNativeTarget section */
		504EC3031FED79650016851F /* App */ = {
			isa = PBXNativeTarget;
			buildConfigurationList = 504EC3161FED79650016851F /* Build configuration list for PBXNativeTarget "App" */;
			buildPhases = (
				6634F4EFEBD30273BCE97C65 /* [CP] Check Pods Manifest.lock */,
				504EC3001FED79650016851F /* Sources */,
				504EC3011FED79650016851F /* Frameworks */,
				504EC3021FED79650016851F /* Resources */,
				9592DBEFFC6D2A0C8D5DEB22 /* [CP] Embed Pods Frameworks */,
				A1B2C3D4000000000000000A /* Embed Watch Content */,
				657E27BDEC403FBF5E871EAF /* Embed Foundation Extensions */,
			);
			buildRules = (
			);
			dependencies = (
				A1B2C3D400000000000000A9 /* PBXTargetDependency */,
				B50F80D1171567A4C6576E7D /* PBXTargetDependency */,
			);
			name = App;
			productName = App;
			productReference = 504EC3041FED79650016851F /* App.app */;
			productType = "com.apple.product-type.application";
		};
		A1B2C3D400000000000000A1 /* Kadoki Watch App */ = {
			isa = PBXNativeTarget;
			buildConfigurationList = A1B2C3D400000000000000A2 /* Build configuration list for PBXNativeTarget "Kadoki Watch App" */;
			buildPhases = (
				A1B2C3D400000000000000A5 /* Sources */,
				A1B2C3D400000000000000A6 /* Frameworks */,
				A1B2C3D400000000000000A7 /* Resources */,
				B2C3D4E500000000000000AA /* Embed Foundation Extensions */,
			);
			buildRules = (
			);
			dependencies = (
				B2C3D4E500000000000000A9 /* PBXTargetDependency */,
			);
			name = "Kadoki Watch App";
			productName = "Kadoki Watch App";
			productReference = A1B2C3D400000000000000D1 /* Kadoki Watch App.app */;
			productType = "com.apple.product-type.application";
		};
		ACF026BDF38F9A124FAC70AB /* KadokiLockWidget */ = {
			isa = PBXNativeTarget;
			buildConfigurationList = 02CC26BAEEF76AFA8CB52805 /* Build configuration list for PBXNativeTarget "KadokiLockWidget" */;
			buildPhases = (
				2F53A2F9B64A62D86A09014E /* Sources */,
				0C8898A4EB9DDE54FD8954C2 /* Frameworks */,
				C1FCDAC4D63C6EA97C87D66F /* Resources */,
			);
			buildRules = (
			);
			dependencies = (
			);
			name = KadokiLockWidget;
			productName = KadokiLockWidget;
			productReference = 8B53DC4D321F63A6542D3016 /* KadokiLockWidget.appex */;
			productType = "com.apple.product-type.app-extension";
		};
		B2C3D4E500000000000000A1 /* KadokiWatchWidgets */ = {
			isa = PBXNativeTarget;
			buildConfigurationList = B2C3D4E500000000000000A2 /* Build configuration list for PBXNativeTarget "KadokiWatchWidgets" */;
			buildPhases = (
				B2C3D4E500000000000000A5 /* Sources */,
				B2C3D4E500000000000000A6 /* Frameworks */,
				B2C3D4E500000000000000A7 /* Resources */,
			);
			buildRules = (
			);
			dependencies = (
			);
			name = KadokiWatchWidgets;
			productName = KadokiWatchWidgets;
			productReference = B2C3D4E500000000000000D1 /* KadokiWatchWidgets.appex */;
			productType = "com.apple.product-type.app-extension";
		};
/* End PBXNativeTarget section */

/* Begin PBXProject section */
		504EC2FC1FED79650016851F /* Project object */ = {
			isa = PBXProject;
			attributes = {
				LastSwiftUpdateCheck = 920;
				LastUpgradeCheck = 920;
				TargetAttributes = {
					504EC3031FED79650016851F = {
						CreatedOnToolsVersion = 9.2;
						LastSwiftMigration = 1100;
						ProvisioningStyle = Automatic;
					};
					A1B2C3D400000000000000A1 = {
						CreatedOnToolsVersion = 15.0;
					};
					ACF026BDF38F9A124FAC70AB = {
						CreatedOnToolsVersion = 15.0;
					};
					B2C3D4E500000000000000A1 = {
						CreatedOnToolsVersion = 15.0;
					};
				};
			};
			buildConfigurationList = 504EC2FF1FED79650016851F /* Build configuration list for PBXProject "App" */;
			compatibilityVersion = "Xcode 8.0";
			developmentRegion = en;
			hasScannedForEncodings = 0;
			knownRegions = (
				en,
				Base,
			);
			mainGroup = 504EC2FB1FED79650016851F;
			productRefGroup = 504EC3051FED79650016851F /* Products */;
			projectDirPath = "";
			projectRoot = "";
			targets = (
				504EC3031FED79650016851F /* App */,
				A1B2C3D400000000000000A1 /* Kadoki Watch App */,
				B2C3D4E500000000000000A1 /* KadokiWatchWidgets */,
				ACF026BDF38F9A124FAC70AB /* KadokiLockWidget */,
			);
		};
/* End PBXProject section */

/* Begin PBXResourcesBuildPhase section */
		504EC3021FED79650016851F /* Resources */ = {
			isa = PBXResourcesBuildPhase;
			buildActionMask = 2147483647;
			files = (
				504EC3121FED79650016851F /* LaunchScreen.storyboard in Resources */,
				50B271D11FEDC1A000F3C39B /* public in Resources */,
				504EC30F1FED79650016851F /* Assets.xcassets in Resources */,
				A11CE0FF2B0000000016851F /* PrivacyInfo.xcprivacy in Resources */,
				50379B232058CBB4000EE86E /* capacitor.config.json in Resources */,
				504EC30D1FED79650016851F /* Main.storyboard in Resources */,
				2FAD9763203C412B000D30F8 /* config.xml in Resources */,
				0A1BD52A38B08C225EEC589F /* Stereo.usda in Resources */,
				5FE71FFECDFFD7431C3CC2FA /* demo-video.mp4 in Resources */,
				B0C132DDF0A24EB0A25A7271 /* demo-video.srt in Resources */,
			);
			runOnlyForDeploymentPostprocessing = 0;
		};
		A1B2C3D400000000000000A7 /* Resources */ = {
			isa = PBXResourcesBuildPhase;
			buildActionMask = 2147483647;
			files = (
				A1B2C3D400000000000000E7 /* Assets.xcassets in Resources */,
			);
			runOnlyForDeploymentPostprocessing = 0;
		};
		B2C3D4E500000000000000A7 /* Resources */ = {
			isa = PBXResourcesBuildPhase;
			buildActionMask = 2147483647;
			files = (
			);
			runOnlyForDeploymentPostprocessing = 0;
		};
		C1FCDAC4D63C6EA97C87D66F /* Resources */ = {
			isa = PBXResourcesBuildPhase;
			buildActionMask = 2147483647;
			files = (
			);
			runOnlyForDeploymentPostprocessing = 0;
		};
/* End PBXResourcesBuildPhase section */

/* Begin PBXShellScriptBuildPhase section */
		6634F4EFEBD30273BCE97C65 /* [CP] Check Pods Manifest.lock */ = {
			isa = PBXShellScriptBuildPhase;
			buildActionMask = 2147483647;
			files = (
			);
			inputPaths = (
				"${PODS_PODFILE_DIR_PATH}/Podfile.lock",
				"${PODS_ROOT}/Manifest.lock",
			);
			name = "[CP] Check Pods Manifest.lock";
			outputPaths = (
				"$(DERIVED_FILE_DIR)/Pods-App-checkManifestLockResult.txt",
			);
			runOnlyForDeploymentPostprocessing = 0;
			shellPath = /bin/sh;
			shellScript = "diff \"${PODS_PODFILE_DIR_PATH}/Podfile.lock\" \"${PODS_ROOT}/Manifest.lock\" > /dev/null\nif [ $? != 0 ] ; then\n    # print error to STDERR\n    echo \"error: The sandbox is not in sync with the Podfile.lock. Run 'pod install' or update your CocoaPods installation.\" >&2\n    exit 1\nfi\n# This output is used by Xcode 'outputs' to avoid re-running this script phase.\necho \"SUCCESS\" > \"${SCRIPT_OUTPUT_FILE_0}\"\n";
			showEnvVarsInLog = 0;
		};
		9592DBEFFC6D2A0C8D5DEB22 /* [CP] Embed Pods Frameworks */ = {
			isa = PBXShellScriptBuildPhase;
			buildActionMask = 2147483647;
			files = (
			);
			inputPaths = (
			);
			name = "[CP] Embed Pods Frameworks";
			outputPaths = (
			);
			runOnlyForDeploymentPostprocessing = 0;
			shellPath = /bin/sh;
			shellScript = "\"${PODS_ROOT}/Target Support Files/Pods-App/Pods-App-frameworks.sh\"\n";
			showEnvVarsInLog = 0;
		};
/* End PBXShellScriptBuildPhase section */

/* Begin PBXSourcesBuildPhase section */
		2F53A2F9B64A62D86A09014E /* Sources */ = {
			isa = PBXSourcesBuildPhase;
			buildActionMask = 2147483647;
			files = (
				89FA94E6170CADEA9D06609A /* KadokiLockWidget.swift in Sources */,
			);
			runOnlyForDeploymentPostprocessing = 0;
		};
		504EC3001FED79650016851F /* Sources */ = {
			isa = PBXSourcesBuildPhase;
			buildActionMask = 2147483647;
			files = (
				504EC3081FED79650016851F /* AppDelegate.swift in Sources */,
				A8BFD7E4B17BF44E40C7FC5D /* BackgroundAudioPlugin.swift in Sources */,
				763A6A097EB909AC131545C6 /* AudioSlicerPlugin.swift in Sources */,
				77A1B2C3D4E5F60718293A4B /* AutoTranscribePlugin.swift in Sources */,
				C5C183F988E421195EE65059 /* AnkiBridgePlugin.swift in Sources */,
				EF8A04896EEFB1F1528F779D /* FileAccessPlugin.swift in Sources */,
				05FF0594F8EB556FD1B63E77 /* MainViewController.swift in Sources */,
				35AE8C7605511205A5E3FD31 /* AnkiMediaServer.swift in Sources */,
				5959FA6E5FB2AC407987D2D1 /* ArchiveExtractorPlugin.swift in Sources */,
				2D4D5772C9FC21E5D19B4CB9 /* PdfExportPlugin.swift in Sources */,
				A1B2C3D400000000000000B2 /* WatchBridgePlugin.swift in Sources */,
				A65AD9BF618F74F21C3551FA /* SpatialImagePlugin.swift in Sources */,
				26E3E9023D7C3FE44FBA62EC /* KadokiVideoPlayer.swift in Sources */,
				DEAABD03271BEBD43653443C /* KadokiVideoLayer.swift in Sources */,
				5E9D13301ACBB1805E711F6E /* StereoRenderer.swift in Sources */,
				A0CC3AF059D6FA7B7337F11F /* DepthEstimator.swift in Sources */,
				21386B71231DC2DDB43AA65A /* VideoFormat.swift in Sources */,
				4C9AD83D4089A97D99D8D834 /* Stereo.metal in Sources */,
				1DA20AFDDE5D377CFC6562EB /* DepthAnythingV2SmallF16.mlpackage in Sources */,
				D94ADCA0457E5EB7EF492C99 /* CurvedPanel.swift in Sources */,
				2C531BE4057E98EED353C5B4 /* DepthAnythingV3_base_504.mlpackage in Sources */,
			);
			runOnlyForDeploymentPostprocessing = 0;
		};
		A1B2C3D400000000000000A5 /* Sources */ = {
			isa = PBXSourcesBuildPhase;
			buildActionMask = 2147483647;
			files = (
				A1B2C3D400000000000000E1 /* KadokiWatchApp.swift in Sources */,
				A1B2C3D400000000000000E2 /* WatchConnectivityManager.swift in Sources */,
				A1B2C3D400000000000000E3 /* WatchTitleStore.swift in Sources */,
				A1B2C3D400000000000000E4 /* WatchPlayer.swift in Sources */,
				A1B2C3D400000000000000E5 /* ContentView.swift in Sources */,
				A1B2C3D400000000000000E6 /* PlayerView.swift in Sources */,
				03A23D56002A34C262E2F1EF /* WatchKaraoke.swift in Sources */,
				4E513EFC2DD345C5C01FBB48 /* LiveSessionModel.swift in Sources */,
				5CB75FAF0840E754F6E0EBEB /* LiveView.swift in Sources */,
			);
			runOnlyForDeploymentPostprocessing = 0;
		};
		B2C3D4E500000000000000A5 /* Sources */ = {
			isa = PBXSourcesBuildPhase;
			buildActionMask = 2147483647;
			files = (
				B2C3D4E500000000000000E1 /* KadokiWidgets.swift in Sources */,
			);
			runOnlyForDeploymentPostprocessing = 0;
		};
/* End PBXSourcesBuildPhase section */

/* Begin PBXTargetDependency section */
		A1B2C3D400000000000000A9 /* PBXTargetDependency */ = {
			isa = PBXTargetDependency;
			platformFilters = (
				ios,
			);
			target = A1B2C3D400000000000000A1 /* Kadoki Watch App */;
			targetProxy = A1B2C3D400000000000000A8 /* PBXContainerItemProxy */;
		};
		B2C3D4E500000000000000A9 /* PBXTargetDependency */ = {
			isa = PBXTargetDependency;
			target = B2C3D4E500000000000000A1 /* KadokiWatchWidgets */;
			targetProxy = B2C3D4E500000000000000A8 /* PBXContainerItemProxy */;
		};
		B50F80D1171567A4C6576E7D /* PBXTargetDependency */ = {
			isa = PBXTargetDependency;
			name = KadokiLockWidget;
			platformFilters = (
				ios,
			);
			target = ACF026BDF38F9A124FAC70AB /* KadokiLockWidget */;
			targetProxy = EDF49FECF0DFC841456E5E9B /* PBXContainerItemProxy */;
		};
/* End PBXTargetDependency section */

/* Begin PBXVariantGroup section */
		504EC30B1FED79650016851F /* Main.storyboard */ = {
			isa = PBXVariantGroup;
			children = (
				504EC30C1FED79650016851F /* Base */,
			);
			name = Main.storyboard;
			sourceTree = "<group>";
		};
		504EC3101FED79650016851F /* LaunchScreen.storyboard */ = {
			isa = PBXVariantGroup;
			children = (
				504EC3111FED79650016851F /* Base */,
			);
			name = LaunchScreen.storyboard;
			sourceTree = "<group>";
		};
/* End PBXVariantGroup section */

/* Begin XCBuildConfiguration section */
		09FB4600C52D2D55558B09D4 /* Debug */ = {
			isa = XCBuildConfiguration;
			buildSettings = {
				CLANG_ENABLE_OBJC_WEAK = NO;
				CODE_SIGN_STYLE = Automatic;
				CURRENT_PROJECT_VERSION = 29;
				DEVELOPMENT_TEAM = KKG5M9X7V7;
				GENERATE_INFOPLIST_FILE = YES;
				INFOPLIST_FILE = KadokiLockWidget/Info.plist;
				INFOPLIST_KEY_CFBundleDisplayName = Kadoki;
				IPHONEOS_DEPLOYMENT_TARGET = 17.0;
				LD_RUNPATH_SEARCH_PATHS = "$(inherited) @executable_path/Frameworks @executable_path/../../Frameworks";
				MARKETING_VERSION = 1.7.1;
				PRODUCT_BUNDLE_IDENTIFIER = com.helica1.yama.widget;
				PRODUCT_NAME = "$(TARGET_NAME)";
				SDKROOT = iphoneos;
				SKIP_INSTALL = YES;
				SUPPORTED_PLATFORMS = "iphoneos iphonesimulator xros xrsimulator";
				SWIFT_VERSION = 5.0;
				TARGETED_DEVICE_FAMILY = "1,2,7";
				XROS_DEPLOYMENT_TARGET = 26.0;
			};
			name = Debug;
		};
		1FC19A12C9EAFEC75E978D0E /* Release */ = {
			isa = XCBuildConfiguration;
			buildSettings = {
				CLANG_ENABLE_OBJC_WEAK = NO;
				CODE_SIGN_STYLE = Automatic;
				CURRENT_PROJECT_VERSION = 29;
				DEVELOPMENT_TEAM = KKG5M9X7V7;
				GENERATE_INFOPLIST_FILE = YES;
				INFOPLIST_FILE = KadokiLockWidget/Info.plist;
				INFOPLIST_KEY_CFBundleDisplayName = Kadoki;
				IPHONEOS_DEPLOYMENT_TARGET = 17.0;
				LD_RUNPATH_SEARCH_PATHS = "$(inherited) @executable_path/Frameworks @executable_path/../../Frameworks";
				MARKETING_VERSION = 1.7.1;
				PRODUCT_BUNDLE_IDENTIFIER = com.helica1.yama.widget;
				PRODUCT_NAME = "$(TARGET_NAME)";
				SDKROOT = iphoneos;
				SKIP_INSTALL = YES;
				SUPPORTED_PLATFORMS = "iphoneos iphonesimulator xros xrsimulator";
				SWIFT_VERSION = 5.0;
				TARGETED_DEVICE_FAMILY = "1,2,7";
				VALIDATE_PRODUCT = YES;
				XROS_DEPLOYMENT_TARGET = 26.0;
			};
			name = Release;
		};
		504EC3141FED79650016851F /* Debug */ = {
			isa = XCBuildConfiguration;
			buildSettings = {
				ALWAYS_SEARCH_USER_PATHS = NO;
				CLANG_ANALYZER_NONNULL = YES;
				CLANG_ANALYZER_NUMBER_OBJECT_CONVERSION = YES_AGGRESSIVE;
				CLANG_CXX_LANGUAGE_STANDARD = "gnu++14";
				CLANG_CXX_LIBRARY = "libc++";
				CLANG_ENABLE_MODULES = YES;
				CLANG_ENABLE_OBJC_ARC = YES;
				CLANG_WARN_BLOCK_CAPTURE_AUTORELEASING = YES;
				CLANG_WARN_BOOL_CONVERSION = YES;
				CLANG_WARN_COMMA = YES;
				CLANG_WARN_CONSTANT_CONVERSION = YES;
				CLANG_WARN_DIRECT_OBJC_ISA_USAGE = YES_ERROR;
				CLANG_WARN_DOCUMENTATION_COMMENTS = YES;
				CLANG_WARN_EMPTY_BODY = YES;
				CLANG_WARN_ENUM_CONVERSION = YES;
				CLANG_WARN_INFINITE_RECURSION = YES;
				CLANG_WARN_INT_CONVERSION = YES;
				CLANG_WARN_NON_LITERAL_NULL_CONVERSION = YES;
				CLANG_WARN_OBJC_LITERAL_CONVERSION = YES;
				CLANG_WARN_OBJC_ROOT_CLASS = YES_ERROR;
				CLANG_WARN_RANGE_LOOP_ANALYSIS = YES;
				CLANG_WARN_STRICT_PROTOTYPES = YES;
				CLANG_WARN_SUSPICIOUS_MOVE = YES;
				CLANG_WARN_UNGUARDED_AVAILABILITY = YES_AGGRESSIVE;
				CLANG_WARN_UNREACHABLE_CODE = YES;
				CLANG_WARN__DUPLICATE_METHOD_MATCH = YES;
				CODE_SIGN_IDENTITY = "iPhone Developer";
				COPY_PHASE_STRIP = NO;
				DEBUG_INFORMATION_FORMAT = dwarf;
				ENABLE_STRICT_OBJC_MSGSEND = YES;
				ENABLE_TESTABILITY = YES;
				GCC_C_LANGUAGE_STANDARD = gnu11;
				GCC_DYNAMIC_NO_PIC = NO;
				GCC_NO_COMMON_BLOCKS = YES;
				GCC_OPTIMIZATION_LEVEL = 0;
				GCC_PREPROCESSOR_DEFINITIONS = (
					"DEBUG=1",
					"$(inherited)",
				);
				GCC_WARN_64_TO_32_BIT_CONVERSION = YES;
				GCC_WARN_ABOUT_RETURN_TYPE = YES_ERROR;
				GCC_WARN_UNDECLARED_SELECTOR = YES;
				GCC_WARN_UNINITIALIZED_AUTOS = YES_AGGRESSIVE;
				GCC_WARN_UNUSED_FUNCTION = YES;
				GCC_WARN_UNUSED_VARIABLE = YES;
				IPHONEOS_DEPLOYMENT_TARGET = 14.0;
				MTL_ENABLE_DEBUG_INFO = YES;
				ONLY_ACTIVE_ARCH = YES;
				SDKROOT = iphoneos;
				SWIFT_ACTIVE_COMPILATION_CONDITIONS = DEBUG;
				SWIFT_OPTIMIZATION_LEVEL = "-Onone";
			};
			name = Debug;
		};
		504EC3151FED79650016851F /* Release */ = {
			isa = XCBuildConfiguration;
			buildSettings = {
				ALWAYS_SEARCH_USER_PATHS = NO;
				CLANG_ANALYZER_NONNULL = YES;
				CLANG_ANALYZER_NUMBER_OBJECT_CONVERSION = YES_AGGRESSIVE;
				CLANG_CXX_LANGUAGE_STANDARD = "gnu++14";
				CLANG_CXX_LIBRARY = "libc++";
				CLANG_ENABLE_MODULES = YES;
				CLANG_ENABLE_OBJC_ARC = YES;
				CLANG_WARN_BLOCK_CAPTURE_AUTORELEASING = YES;
				CLANG_WARN_BOOL_CONVERSION = YES;
				CLANG_WARN_COMMA = YES;
				CLANG_WARN_CONSTANT_CONVERSION = YES;
				CLANG_WARN_DIRECT_OBJC_ISA_USAGE = YES_ERROR;
				CLANG_WARN_DOCUMENTATION_COMMENTS = YES;
				CLANG_WARN_EMPTY_BODY = YES;
				CLANG_WARN_ENUM_CONVERSION = YES;
				CLANG_WARN_INFINITE_RECURSION = YES;
				CLANG_WARN_INT_CONVERSION = YES;
				CLANG_WARN_NON_LITERAL_NULL_CONVERSION = YES;
				CLANG_WARN_OBJC_LITERAL_CONVERSION = YES;
				CLANG_WARN_OBJC_ROOT_CLASS = YES_ERROR;
				CLANG_WARN_RANGE_LOOP_ANALYSIS = YES;
				CLANG_WARN_STRICT_PROTOTYPES = YES;
				CLANG_WARN_SUSPICIOUS_MOVE = YES;
				CLANG_WARN_UNGUARDED_AVAILABILITY = YES_AGGRESSIVE;
				CLANG_WARN_UNREACHABLE_CODE = YES;
				CLANG_WARN__DUPLICATE_METHOD_MATCH = YES;
				CODE_SIGN_IDENTITY = "iPhone Developer";
				COPY_PHASE_STRIP = NO;
				DEBUG_INFORMATION_FORMAT = "dwarf-with-dsym";
				ENABLE_NS_ASSERTIONS = NO;
				ENABLE_STRICT_OBJC_MSGSEND = YES;
				GCC_C_LANGUAGE_STANDARD = gnu11;
				GCC_NO_COMMON_BLOCKS = YES;
				GCC_WARN_64_TO_32_BIT_CONVERSION = YES;
				GCC_WARN_ABOUT_RETURN_TYPE = YES_ERROR;
				GCC_WARN_UNDECLARED_SELECTOR = YES;
				GCC_WARN_UNINITIALIZED_AUTOS = YES_AGGRESSIVE;
				GCC_WARN_UNUSED_FUNCTION = YES;
				GCC_WARN_UNUSED_VARIABLE = YES;
				IPHONEOS_DEPLOYMENT_TARGET = 14.0;
				MTL_ENABLE_DEBUG_INFO = NO;
				SDKROOT = iphoneos;
				SWIFT_OPTIMIZATION_LEVEL = "-Owholemodule";
				VALIDATE_PRODUCT = YES;
			};
			name = Release;
		};
		504EC3171FED79650016851F /* Debug */ = {
			isa = XCBuildConfiguration;
			baseConfigurationReference = FC68EB0AF532CFC21C3344DD /* Pods-App.debug.xcconfig */;
			buildSettings = {
				ASSETCATALOG_COMPILER_APPICON_NAME = AppIcon;
				CODE_SIGN_STYLE = Automatic;
				CURRENT_PROJECT_VERSION = 29;
				DEVELOPMENT_TEAM = KKG5M9X7V7;
				"EXCLUDED_SOURCE_FILE_NAMES[sdk=iphoneos*]" = (
					"[\"[\\\"DepthAnythingV2SmallF16.mlpackage\\\",\",",
					"\"\\\"Stereo.usda\\\",\",",
					"\"\\\"Stereo.metal\\\"]\",",
					"\"DepthAnythingV3_base_504.mlpackage\"]",
					"demo-video.mp4",
					"demo-video.srt",
				);
				"EXCLUDED_SOURCE_FILE_NAMES[sdk=iphonesimulator*]" = (
					"[\"[\\\"DepthAnythingV2SmallF16.mlpackage\\\",\",",
					"\"\\\"Stereo.usda\\\",\",",
					"\"\\\"Stereo.metal\\\"]\",",
					"\"DepthAnythingV3_base_504.mlpackage\"]",
					"demo-video.mp4",
					"demo-video.srt",
				);
				"EXCLUDED_SOURCE_FILE_NAMES[sdk=xros*]" = (
					"demo-video.mp4",
					"demo-video.srt",
				);
				INFOPLIST_FILE = App/Info.plist;
				"INFOPLIST_FILE[sdk=xros*]" = "App/Info-visionOS.plist";
				"INFOPLIST_FILE[sdk=xrsimulator*]" = "App/Info-visionOS.plist";
				INFOPLIST_KEY_CFBundleDisplayName = Kadoki;
				"INFOPLIST_KEY_UIApplicationSupportsMultipleScenes[sdk=xros*]" = YES;
				IPHONEOS_DEPLOYMENT_TARGET = 14.0;
				LD_RUNPATH_SEARCH_PATHS = "$(inherited) @executable_path/Frameworks";
				MARKETING_VERSION = 1.7.1;
				"OTHER_LDFLAGS[sdk=xros*]" = (
					"-lz",
					"-framework",
					CFNetwork,
					"-framework",
					Capacitor,
					"-framework",
					CapacitorApp,
					"-framework",
					CapacitorBrowser,
					"-framework",
					CapacitorFilesystem,
					"-framework",
					CapacitorHaptics,
					"-framework",
					CapacitorPreferences,
					"-framework",
					CapacitorSplashScreen,
					"-framework",
					Cordova,
					"-framework",
					FileAccess,
					"-framework",
					GCDWebServer,
					"-framework",
					MobileCoreServices,
					"-framework",
					WebKit,
					"-lbz2",
					"$(SRCROOT)/App/Remux/libkadokiremux-xros.a",
				);
				"OTHER_LDFLAGS[sdk=xrsimulator*]" = (
					"-lz",
					"-framework",
					CFNetwork,
					"-framework",
					Capacitor,
					"-framework",
					CapacitorApp,
					"-framework",
					CapacitorBrowser,
					"-framework",
					CapacitorFilesystem,
					"-framework",
					CapacitorHaptics,
					"-framework",
					CapacitorPreferences,
					"-framework",
					CapacitorSplashScreen,
					"-framework",
					Cordova,
					"-framework",
					FileAccess,
					"-framework",
					GCDWebServer,
					"-framework",
					MobileCoreServices,
					"-framework",
					WebKit,
				);
				OTHER_SWIFT_FLAGS = "$(inherited) \"-D\" \"COCOAPODS\" \"-DDEBUG\"";
				PRODUCT_BUNDLE_IDENTIFIER = com.helica1.yama;
				PRODUCT_NAME = "$(TARGET_NAME)";
				SUPPORTED_PLATFORMS = "iphoneos iphonesimulator xros xrsimulator";
				SWIFT_ACTIVE_COMPILATION_CONDITIONS = DEBUG;
				SWIFT_OBJC_BRIDGING_HEADER = "App/App-Bridging-Header.h";
				SWIFT_VERSION = 5.0;
				TARGETED_DEVICE_FAMILY = "1,2,7";
				XROS_DEPLOYMENT_TARGET = 26.0;
			};
			name = Debug;
		};
		504EC3181FED79650016851F /* Release */ = {
			isa = XCBuildConfiguration;
			baseConfigurationReference = AF51FD2D460BCFE21FA515B2 /* Pods-App.release.xcconfig */;
			buildSettings = {
				ASSETCATALOG_COMPILER_APPICON_NAME = AppIcon;
				CODE_SIGN_STYLE = Automatic;
				CURRENT_PROJECT_VERSION = 29;
				DEVELOPMENT_TEAM = KKG5M9X7V7;
				"EXCLUDED_SOURCE_FILE_NAMES[sdk=iphoneos*]" = (
					"[\"[\\\"DepthAnythingV2SmallF16.mlpackage\\\",\",",
					"\"\\\"Stereo.usda\\\",\",",
					"\"\\\"Stereo.metal\\\"]\",",
					"\"DepthAnythingV3_base_504.mlpackage\"]",
					"demo-video.mp4",
					"demo-video.srt",
				);
				"EXCLUDED_SOURCE_FILE_NAMES[sdk=iphonesimulator*]" = (
					"[\"[\\\"DepthAnythingV2SmallF16.mlpackage\\\",\",",
					"\"\\\"Stereo.usda\\\",\",",
					"\"\\\"Stereo.metal\\\"]\",",
					"\"DepthAnythingV3_base_504.mlpackage\"]",
					"demo-video.mp4",
					"demo-video.srt",
				);
				"EXCLUDED_SOURCE_FILE_NAMES[sdk=xros*]" = (
					"demo-video.mp4",
					"demo-video.srt",
				);
				INFOPLIST_FILE = App/Info.plist;
				"INFOPLIST_FILE[sdk=xros*]" = "App/Info-visionOS.plist";
				"INFOPLIST_FILE[sdk=xrsimulator*]" = "App/Info-visionOS.plist";
				INFOPLIST_KEY_CFBundleDisplayName = Kadoki;
				"INFOPLIST_KEY_UIApplicationSupportsMultipleScenes[sdk=xros*]" = YES;
				IPHONEOS_DEPLOYMENT_TARGET = 14.0;
				LD_RUNPATH_SEARCH_PATHS = "$(inherited) @executable_path/Frameworks";
				MARKETING_VERSION = 1.7.1;
				"OTHER_LDFLAGS[sdk=xros*]" = (
					"-lz",
					"-framework",
					CFNetwork,
					"-framework",
					Capacitor,
					"-framework",
					CapacitorApp,
					"-framework",
					CapacitorBrowser,
					"-framework",
					CapacitorFilesystem,
					"-framework",
					CapacitorHaptics,
					"-framework",
					CapacitorPreferences,
					"-framework",
					CapacitorSplashScreen,
					"-framework",
					Cordova,
					"-framework",
					FileAccess,
					"-framework",
					GCDWebServer,
					"-framework",
					MobileCoreServices,
					"-framework",
					WebKit,
					"-lbz2",
					"$(SRCROOT)/App/Remux/libkadokiremux-xros.a",
				);
				"OTHER_LDFLAGS[sdk=xrsimulator*]" = (
					"-lz",
					"-framework",
					CFNetwork,
					"-framework",
					Capacitor,
					"-framework",
					CapacitorApp,
					"-framework",
					CapacitorBrowser,
					"-framework",
					CapacitorFilesystem,
					"-framework",
					CapacitorHaptics,
					"-framework",
					CapacitorPreferences,
					"-framework",
					CapacitorSplashScreen,
					"-framework",
					Cordova,
					"-framework",
					FileAccess,
					"-framework",
					GCDWebServer,
					"-framework",
					MobileCoreServices,
					"-framework",
					WebKit,
				);
				PRODUCT_BUNDLE_IDENTIFIER = com.helica1.yama;
				PRODUCT_NAME = "$(TARGET_NAME)";
				SUPPORTED_PLATFORMS = "iphoneos iphonesimulator xros xrsimulator";
				SWIFT_ACTIVE_COMPILATION_CONDITIONS = "";
				SWIFT_OBJC_BRIDGING_HEADER = "App/App-Bridging-Header.h";
				SWIFT_VERSION = 5.0;
				TARGETED_DEVICE_FAMILY = "1,2,7";
				XROS_DEPLOYMENT_TARGET = 26.0;
			};
			name = Release;
		};
		A1B2C3D400000000000000A3 /* Debug */ = {
			isa = XCBuildConfiguration;
			buildSettings = {
				ASSETCATALOG_COMPILER_APPICON_NAME = AppIcon;
				CODE_SIGN_ENTITLEMENTS = KadokiWatch/KadokiWatch.entitlements;
				CODE_SIGN_IDENTITY = "Apple Development";
				CODE_SIGN_STYLE = Automatic;
				CURRENT_PROJECT_VERSION = 29;
				DEVELOPMENT_TEAM = KKG5M9X7V7;
				ENABLE_PREVIEWS = YES;
				GENERATE_INFOPLIST_FILE = YES;
				INFOPLIST_KEY_CFBundleDisplayName = Kadoki;
				INFOPLIST_KEY_UISupportedInterfaceOrientations = "UIInterfaceOrientationPortrait UIInterfaceOrientationPortraitUpsideDown";
				INFOPLIST_KEY_WKApplication = YES;
				INFOPLIST_KEY_WKCompanionAppBundleIdentifier = com.helica1.yama;
				LD_RUNPATH_SEARCH_PATHS = "$(inherited) @executable_path/Frameworks";
				MARKETING_VERSION = 1.7.1;
				PRODUCT_BUNDLE_IDENTIFIER = com.helica1.yama.watchkitapp;
				PRODUCT_NAME = "$(TARGET_NAME)";
				SDKROOT = watchos;
				SKIP_INSTALL = YES;
				SWIFT_EMIT_LOC_STRINGS = YES;
				SWIFT_VERSION = 5.0;
				TARGETED_DEVICE_FAMILY = 4;
				WATCHOS_DEPLOYMENT_TARGET = 10.0;
			};
			name = Debug;
		};
		A1B2C3D400000000000000A4 /* Release */ = {
			isa = XCBuildConfiguration;
			buildSettings = {
				ASSETCATALOG_COMPILER_APPICON_NAME = AppIcon;
				CODE_SIGN_ENTITLEMENTS = KadokiWatch/KadokiWatch.entitlements;
				CODE_SIGN_IDENTITY = "Apple Development";
				CODE_SIGN_STYLE = Automatic;
				CURRENT_PROJECT_VERSION = 29;
				DEVELOPMENT_TEAM = KKG5M9X7V7;
				ENABLE_PREVIEWS = YES;
				GENERATE_INFOPLIST_FILE = YES;
				INFOPLIST_KEY_CFBundleDisplayName = Kadoki;
				INFOPLIST_KEY_UISupportedInterfaceOrientations = "UIInterfaceOrientationPortrait UIInterfaceOrientationPortraitUpsideDown";
				INFOPLIST_KEY_WKApplication = YES;
				INFOPLIST_KEY_WKCompanionAppBundleIdentifier = com.helica1.yama;
				LD_RUNPATH_SEARCH_PATHS = "$(inherited) @executable_path/Frameworks";
				MARKETING_VERSION = 1.7.1;
				PRODUCT_BUNDLE_IDENTIFIER = com.helica1.yama.watchkitapp;
				PRODUCT_NAME = "$(TARGET_NAME)";
				SDKROOT = watchos;
				SKIP_INSTALL = YES;
				SWIFT_EMIT_LOC_STRINGS = YES;
				SWIFT_VERSION = 5.0;
				TARGETED_DEVICE_FAMILY = 4;
				WATCHOS_DEPLOYMENT_TARGET = 10.0;
			};
			name = Release;
		};
		B2C3D4E500000000000000A3 /* Debug */ = {
			isa = XCBuildConfiguration;
			buildSettings = {
				CODE_SIGN_ENTITLEMENTS = KadokiWatchWidgets/KadokiWatchWidgets.entitlements;
				CODE_SIGN_IDENTITY = "Apple Development";
				CODE_SIGN_STYLE = Automatic;
				CURRENT_PROJECT_VERSION = 29;
				DEVELOPMENT_TEAM = KKG5M9X7V7;
				GENERATE_INFOPLIST_FILE = YES;
				INFOPLIST_FILE = KadokiWatchWidgets/Info.plist;
				INFOPLIST_KEY_CFBundleDisplayName = Kadoki;
				LD_RUNPATH_SEARCH_PATHS = "$(inherited) @executable_path/Frameworks @executable_path/../../Frameworks";
				MARKETING_VERSION = 1.7.1;
				PRODUCT_BUNDLE_IDENTIFIER = com.helica1.yama.watchkitapp.widgets;
				PRODUCT_NAME = "$(TARGET_NAME)";
				SDKROOT = watchos;
				SKIP_INSTALL = YES;
				SWIFT_EMIT_LOC_STRINGS = YES;
				SWIFT_VERSION = 5.0;
				TARGETED_DEVICE_FAMILY = 4;
				WATCHOS_DEPLOYMENT_TARGET = 10.0;
			};
			name = Debug;
		};
		B2C3D4E500000000000000A4 /* Release */ = {
			isa = XCBuildConfiguration;
			buildSettings = {
				CODE_SIGN_ENTITLEMENTS = KadokiWatchWidgets/KadokiWatchWidgets.entitlements;
				CODE_SIGN_IDENTITY = "Apple Development";
				CODE_SIGN_STYLE = Automatic;
				CURRENT_PROJECT_VERSION = 29;
				DEVELOPMENT_TEAM = KKG5M9X7V7;
				GENERATE_INFOPLIST_FILE = YES;
				INFOPLIST_FILE = KadokiWatchWidgets/Info.plist;
				INFOPLIST_KEY_CFBundleDisplayName = Kadoki;
				LD_RUNPATH_SEARCH_PATHS = "$(inherited) @executable_path/Frameworks @executable_path/../../Frameworks";
				MARKETING_VERSION = 1.7.1;
				PRODUCT_BUNDLE_IDENTIFIER = com.helica1.yama.watchkitapp.widgets;
				PRODUCT_NAME = "$(TARGET_NAME)";
				SDKROOT = watchos;
				SKIP_INSTALL = YES;
				SWIFT_EMIT_LOC_STRINGS = YES;
				SWIFT_VERSION = 5.0;
				TARGETED_DEVICE_FAMILY = 4;
				WATCHOS_DEPLOYMENT_TARGET = 10.0;
			};
			name = Release;
		};
/* End XCBuildConfiguration section */

/* Begin XCConfigurationList section */
		02CC26BAEEF76AFA8CB52805 /* Build configuration list for PBXNativeTarget "KadokiLockWidget" */ = {
			isa = XCConfigurationList;
			buildConfigurations = (
				1FC19A12C9EAFEC75E978D0E /* Release */,
				09FB4600C52D2D55558B09D4 /* Debug */,
			);
			defaultConfigurationIsVisible = 0;
			defaultConfigurationName = Release;
		};
		504EC2FF1FED79650016851F /* Build configuration list for PBXProject "App" */ = {
			isa = XCConfigurationList;
			buildConfigurations = (
				504EC3141FED79650016851F /* Debug */,
				504EC3151FED79650016851F /* Release */,
			);
			defaultConfigurationIsVisible = 0;
			defaultConfigurationName = Release;
		};
		504EC3161FED79650016851F /* Build configuration list for PBXNativeTarget "App" */ = {
			isa = XCConfigurationList;
			buildConfigurations = (
				504EC3171FED79650016851F /* Debug */,
				504EC3181FED79650016851F /* Release */,
			);
			defaultConfigurationIsVisible = 0;
			defaultConfigurationName = Release;
		};
		A1B2C3D400000000000000A2 /* Build configuration list for PBXNativeTarget "Kadoki Watch App" */ = {
			isa = XCConfigurationList;
			buildConfigurations = (
				A1B2C3D400000000000000A3 /* Debug */,
				A1B2C3D400000000000000A4 /* Release */,
			);
			defaultConfigurationIsVisible = 0;
			defaultConfigurationName = Release;
		};
		B2C3D4E500000000000000A2 /* Build configuration list for PBXNativeTarget "KadokiWatchWidgets" */ = {
			isa = XCConfigurationList;
			buildConfigurations = (
				B2C3D4E500000000000000A3 /* Debug */,
				B2C3D4E500000000000000A4 /* Release */,
			);
			defaultConfigurationIsVisible = 0;
			defaultConfigurationName = Release;
		};
/* End XCConfigurationList section */
	};
	rootObject = 504EC2FC1FED79650016851F /* Project object */;
}
