PODS:
  - Capacitor (7.6.5):
    - CapacitorCordova
  - CapacitorCamera (7.0.1):
    - Capacitor
  - CapacitorCordova (7.6.5)
  - CapacitorFilesystem (7.1.1):
    - Capacitor
    - IONFilesystemLib (~> 1.0)
  - CapacitorPreferences (7.0.1):
    - Capacitor
  - CapacitorSplashScreen (7.0.1):
    - Capacitor
  - FileAccess (0.0.1):
    - Capacitor
  - GCDWebServer (3.5.4):
    - GCDWebServer/Core (= 3.5.4)
  - GCDWebServer/Core (3.5.4)
  - IONFilesystemLib (1.1.2)

DEPENDENCIES:
  - "Capacitor (from `../../node_modules/@capacitor/ios`)"
  - "CapacitorCamera (from `../../node_modules/@capacitor/camera`)"
  - "CapacitorCordova (from `../../node_modules/@capacitor/ios`)"
  - "CapacitorFilesystem (from `../../node_modules/@capacitor/filesystem`)"
  - "CapacitorPreferences (from `../../node_modules/@capacitor/preferences`)"
  - "CapacitorSplashScreen (from `../../node_modules/@capacitor/splash-screen`)"
  - FileAccess (from `../../../file-access`)
  - GCDWebServer (~> 3.5.4)

SPEC REPOS:
  trunk:
    - GCDWebServer
    - IONFilesystemLib

EXTERNAL SOURCES:
  Capacitor:
    :path: "../../node_modules/@capacitor/ios"
  CapacitorCamera:
    :path: "../../node_modules/@capacitor/camera"
  CapacitorCordova:
    :path: "../../node_modules/@capacitor/ios"
  CapacitorFilesystem:
    :path: "../../node_modules/@capacitor/filesystem"
  CapacitorPreferences:
    :path: "../../node_modules/@capacitor/preferences"
  CapacitorSplashScreen:
    :path: "../../node_modules/@capacitor/splash-screen"
  FileAccess:
    :path: "../../../file-access"

SPEC CHECKSUMS:
  Capacitor: e9708b186e71dc45f9b2ee72e826b7389fb79ff2
  CapacitorCamera: 6e73f1fc6c629a672658705a02409b60854bc0f1
  CapacitorCordova: 2b36392a7292c3c451dcae154185ee8804d7b6b3
  CapacitorFilesystem: 39173fe5a0e77851119998d0d8c61c70551a412a
  CapacitorPreferences: 6c98117d4d7508034a4af9db64d6b26fc75d7b94
  CapacitorSplashScreen: 1d67815a422a9b61539c94f283c08ed56667c0fc
  FileAccess: 9455ddbf1298d175a259496429abfd4f619ba3e5
  GCDWebServer: 2c156a56c8226e2d5c0c3f208a3621ccffbe3ce4
  IONFilesystemLib: 21a63377696b2d8fab5632ecfb7d2ac67bddb68a

PODFILE CHECKSUM: 7d08d8083c9faa60a6cad54cc7056fb7782485c8

COCOAPODS: 1.16.2
